<?xml version="1.0" encoding="UTF-8"?>
<Project xmlns="http://schemas.microsoft.com/developer/msbuild/2003" ToolsVersion="4.0">
    <ItemGroup>
        <Filter Include="header">
            <UniqueIdentifier>{F2891924-4EB9-4E9D-B472-7C1B6FE5A343}</UniqueIdentifier>
            <Extensions>h;hpp</Extensions>
        </Filter>
        <Filter Include="resource">
            <UniqueIdentifier>{0631C366-BAA0-4FBB-907F-46FA452FC637}</UniqueIdentifier>
            <Extensions>hlsl;jpg;jpeg;png;wav;mp3;ico;dds;rc;obj</Extensions>
        </Filter>
        <Filter Include="source">
            <UniqueIdentifier>{E0CA6CFF-D5B3-4EA4-A61A-971C9CA81876}</UniqueIdentifier>
            <Extensions>cpp;c</Extensions>
        </Filter>
    </ItemGroup>
    <ItemGroup>
        <ClCompile Include="..\..\..\src\MiniStudio\FirstScene.cpp">
            <Filter>source</Filter>
        </ClCompile>
        <ClCompile Include="..\..\..\src\MiniStudio\main.cpp">
            <Filter>source</Filter>
        </ClCompile>
        <ClCompile Include="..\..\..\src\MiniStudio\pch.cpp">
            <Filter>source</Filter>
        </ClCompile>
        <ClInclude Include="..\..\..\src\MiniStudio\FirstScene.h">
            <Filter>header</Filter>
        </ClInclude>
        <ClInclude Include="..\..\..\src\MiniStudio\main.h">
            <Filter>header</Filter>
        </ClInclude>
        <ClInclude Include="..\..\..\src\MiniStudio\pch.h">
            <Filter>header</Filter>
        </ClInclude>
        <ClInclude Include="..\..\..\src\MiniStudio\resource.h">
            <Filter>header</Filter>
        </ClInclude>
        <None Include="..\..\..\src\MiniStudio\app.ico">
            <Filter>resource</Filter>
        </None>
        <None Include="..\..\..\src\MiniStudio\app.rc">
            <Filter>resource</Filter>
        </None>
        <None Include="..\..\..\src\MiniStudio\small.ico">
            <Filter>resource</Filter>
        </None>
    </ItemGroup>
</Project>
