<?xml version="1.0" encoding="UTF-8"?>
<Project xmlns="http://schemas.microsoft.com/developer/msbuild/2003" ToolsVersion="4.0">
    <ItemGroup>
        <Filter Include="header">
            <UniqueIdentifier>{4D5A83B4-0D1D-4363-99C8-98BC87B9794B}</UniqueIdentifier>
            <Extensions>h;hpp</Extensions>
        </Filter>
        <Filter Include="resource">
            <UniqueIdentifier>{B45AF1C4-BE27-4F4B-9B44-A82DE79FFFF2}</UniqueIdentifier>
            <Extensions>hlsl;jpg;jpeg;png;wav;mp3;ico;dds;rc;obj</Extensions>
        </Filter>
        <Filter Include="source">
            <UniqueIdentifier>{0A7FF5C2-DEF7-4197-9E45-718539C48E04}</UniqueIdentifier>
            <Extensions>cpp;c</Extensions>
        </Filter>
    </ItemGroup>
    <ItemGroup>
        <ClCompile Include="..\..\..\src\MiniStudio\FirstScene.cpp">
            <Filter>source</Filter>
        </ClCompile>
        <ClCompile Include="..\..\..\src\MiniStudio\main.cpp">
            <Filter>source</Filter>
        </ClCompile>
        <ClCompile Include="..\..\..\src\MiniStudio\pch.cpp">
            <Filter>source</Filter>
        </ClCompile>
        <ClInclude Include="..\..\..\src\MiniStudio\FirstScene.h">
            <Filter>header</Filter>
        </ClInclude>
        <ClInclude Include="..\..\..\src\MiniStudio\main.h">
            <Filter>header</Filter>
        </ClInclude>
        <ClInclude Include="..\..\..\src\MiniStudio\pch.h">
            <Filter>header</Filter>
        </ClInclude>
        <ClInclude Include="..\..\..\src\MiniStudio\resource.h">
            <Filter>header</Filter>
        </ClInclude>
        <None Include="..\..\..\src\MiniStudio\app.ico">
            <Filter>resource</Filter>
        </None>
        <None Include="..\..\..\src\MiniStudio\app.rc">
            <Filter>resource</Filter>
        </None>
        <None Include="..\..\..\src\MiniStudio\small.ico">
            <Filter>resource</Filter>
        </None>
    </ItemGroup>
</Project>
