<?xml version="1.0" encoding="UTF-8"?>
<Project xmlns="http://schemas.microsoft.com/developer/msbuild/2003" ToolsVersion="4.0">
    <ItemGroup>
        <Filter Include="header">
            <UniqueIdentifier>{ACAAAA27-AE24-4BCF-984E-D21695EE2AEF}</UniqueIdentifier>
            <Extensions>h;hpp</Extensions>
        </Filter>
        <Filter Include="resource">
            <UniqueIdentifier>{4DA1807C-8E23-4B61-AF6B-245BFEFEC09C}</UniqueIdentifier>
            <Extensions>hlsl;jpg;jpeg;png;wav;mp3;ico;dds;rc;obj</Extensions>
        </Filter>
        <Filter Include="source">
            <UniqueIdentifier>{C249D453-FF71-4F79-8343-606CA3A20CF4}</UniqueIdentifier>
            <Extensions>cpp;c</Extensions>
        </Filter>
    </ItemGroup>
    <ItemGroup>
        <ClCompile Include="..\..\..\src\MiniStudio\FirstScene.cpp">
            <Filter>source</Filter>
        </ClCompile>
        <ClCompile Include="..\..\..\src\MiniStudio\main.cpp">
            <Filter>source</Filter>
        </ClCompile>
        <ClCompile Include="..\..\..\src\MiniStudio\pch.cpp">
            <Filter>source</Filter>
        </ClCompile>
        <ClCompile Include="..\..\..\src\MiniStudio\Player.cpp">
            <Filter>source</Filter>
        </ClCompile>
        <ClCompile Include="..\..\..\src\MiniStudio\RectPlayer.cpp">
            <Filter>source</Filter>
        </ClCompile>
        <ClInclude Include="..\..\..\src\MiniStudio\FirstScene.h">
            <Filter>header</Filter>
        </ClInclude>
        <ClInclude Include="..\..\..\src\MiniStudio\main.h">
            <Filter>header</Filter>
        </ClInclude>
        <ClInclude Include="..\..\..\src\MiniStudio\pch.h">
            <Filter>header</Filter>
        </ClInclude>
        <ClInclude Include="..\..\..\src\MiniStudio\Player.h">
            <Filter>header</Filter>
        </ClInclude>
        <ClInclude Include="..\..\..\src\MiniStudio\RectPlayer.h">
            <Filter>header</Filter>
        </ClInclude>
        <ClInclude Include="..\..\..\src\MiniStudio\resource.h">
            <Filter>header</Filter>
        </ClInclude>
        <ClInclude Include="..\..\..\src\MiniStudio\Wall.h">
            <Filter>header</Filter>
        </ClInclude>
        <None Include="..\..\..\src\MiniStudio\app.ico">
            <Filter>resource</Filter>
        </None>
        <None Include="..\..\..\src\MiniStudio\app.rc">
            <Filter>resource</Filter>
        </None>
        <None Include="..\..\..\src\MiniStudio\small.ico">
            <Filter>resource</Filter>
        </None>
    </ItemGroup>
</Project>
